// !$*UTF8*$!
{
	archiveVersion = 1;
	classes = {
	};
	objectVersion = 46;
	objects = {

/* Begin PBXBuildFile section */
		F51D11351A1C2CD500707A9E /* main.m in Sources */ = {isa = PBXBuildFile; fileRef = F51D11341A1C2CD500707A9E /* main.m */; };
		F51D113E1A1C2CD500707A9E /* Main.storyboard in Resources */ = {isa = PBXBuildFile; fileRef = F51D113C1A1C2CD500707A9E /* Main.storyboard */; };
		F51D11401A1C2CD500707A9E /* Images.xcassets in Resources */ = {isa = PBXBuildFile; fileRef = F51D113F1A1C2CD500707A9E /* Images.xcassets */; };
		F5BCF0691BEAD808001BE6F1 /* Launch Screen.storyboard in Resources */ = {isa = PBXBuildFile; fileRef = F5BCF0681BEAD808001BE6F1 /* Launch Screen.storyboard */; };
/* End PBXBuildFile section */

/* Begin PBXFileReference section */
		F51D112F1A1C2CD500707A9E /* IDTool.app */ = {isa = PBXFileReference; explicitFileType = wrapper.application; includeInIndex = 0; path = IDTool.app; sourceTree = BUILT_PRODUCTS_DIR; };
		F51D11331A1C2CD500707A9E /* Info.plist */ = {isa = PBXFileReference; lastKnownFileType = text.plist.xml; path = Info.plist; sourceTree = "<group>"; };
		F51D11341A1C2CD500707A9E /* main.m */ = {isa = PBXFileReference; lastKnownFileType = sourcecode.c.objc; path = main.m; sourceTree = "<group>"; };
		F51D113D1A1C2CD500707A9E /* Base */ = {isa = PBXFileReference; lastKnownFileType = file.storyboard; name = Base; path = Base.lproj/Main.storyboard; sourceTree = "<group>"; };
		F51D113F1A1C2CD500707A9E /* Images.xcassets */ = {isa = PBXFileReference; lastKnownFileType = folder.assetcatalog; path = Images.xcassets; sourceTree = "<group>"; };
		F5BCF0661BEAD726001BE6F1 /* test.entitlements */ = {isa = PBXFileReference; fileEncoding = 4; lastKnownFileType = text.xml; path = test.entitlements; sourceTree = "<group>"; };
		F5BCF0681BEAD808001BE6F1 /* Launch Screen.storyboard */ = {isa = PBXFileReference; fileEncoding = 4; lastKnownFileType = file.storyboard; path = "Launch Screen.storyboard"; sourceTree = "<group>"; };
/* End PBXFileReference section */

/* Begin PBXFrameworksBuildPhase section */
		F51D112C1A1C2CD500707A9E /* Frameworks */ = {
			isa = PBXFrameworksBuildPhase;
			buildActionMask = 2147483647;
			files = (
			);
			runOnlyForDeploymentPostprocessing = 0;
		};
/* End PBXFrameworksBuildPhase section */

/* Begin PBXGroup section */
		F51D11261A1C2CD500707A9E = {
			isa = PBXGroup;
			children = (
				F51D11311A1C2CD500707A9E /* IDTool */,
				F51D11301A1C2CD500707A9E /* Products */,
			);
			sourceTree = "<group>";
		};
		F51D11301A1C2CD500707A9E /* Products */ = {
			isa = PBXGroup;
			children = (
				F51D112F1A1C2CD500707A9E /* IDTool.app */,
			);
			name = Products;
			sourceTree = "<group>";
		};
		F51D11311A1C2CD500707A9E /* IDTool */ = {
			isa = PBXGroup;
			children = (
				F5BCF0681BEAD808001BE6F1 /* Launch Screen.storyboard */,
				F51D113C1A1C2CD500707A9E /* Main.storyboard */,
				F51D113F1A1C2CD500707A9E /* Images.xcassets */,
				F51D11321A1C2CD500707A9E /* Supporting Files */,
			);
			path = IDTool;
			sourceTree = "<group>";
		};
		F51D11321A1C2CD500707A9E /* Supporting Files */ = {
			isa = PBXGroup;
			children = (
				F51D11331A1C2CD500707A9E /* Info.plist */,
				F51D11341A1C2CD500707A9E /* main.m */,
				F5BCF0661BEAD726001BE6F1 /* test.entitlements */,
			);
			name = "Supporting Files";
			sourceTree = "<group>";
		};
/* End PBXGroup section */

/* Begin PBXNativeTarget section */
		F51D112E1A1C2CD500707A9E /* IDTool */ = {
			isa = PBXNativeTarget;
			buildConfigurationList = F51D11521A1C2CD500707A9E /* Build configuration list for PBXNativeTarget "IDTool" */;
			buildPhases = (
				F51D112B1A1C2CD500707A9E /* Sources */,
				F51D112C1A1C2CD500707A9E /* Frameworks */,
				F51D112D1A1C2CD500707A9E /* Resources */,
			);
			buildRules = (
			);
			dependencies = (
			);
			name = IDTool;
			productName = IDTool;
			productReference = F51D112F1A1C2CD500707A9E /* IDTool.app */;
			productType = "com.apple.product-type.application";
		};
/* End PBXNativeTarget section */

/* Begin PBXProject section */
		F51D11271A1C2CD500707A9E /* Project object */ = {
			isa = PBXProject;
			attributes = {
				LastUpgradeCheck = 0700;
				ORGANIZATIONNAME = "十拳剣";
				TargetAttributes = {
					F51D112E1A1C2CD500707A9E = {
						CreatedOnToolsVersion = 6.1;
						ProvisioningStyle = Automatic;
					};
				};
			};
			buildConfigurationList = F51D112A1A1C2CD500707A9E /* Build configuration list for PBXProject "IDTool" */;
			compatibilityVersion = "Xcode 3.2";
			developmentRegion = English;
			hasScannedForEncodings = 0;
			knownRegions = (
				en,
				Base,
			);
			mainGroup = F51D11261A1C2CD500707A9E;
			productRefGroup = F51D11301A1C2CD500707A9E /* Products */;
			projectDirPath = "";
			projectRoot = "";
			targets = (
				F51D112E1A1C2CD500707A9E /* IDTool */,
			);
		};
/* End PBXProject section */

/* Begin PBXResourcesBuildPhase section */
		F51D112D1A1C2CD500707A9E /* Resources */ = {
			isa = PBXResourcesBuildPhase;
			buildActionMask = 2147483647;
			files = (
				F51D113E1A1C2CD500707A9E /* Main.storyboard in Resources */,
				F51D11401A1C2CD500707A9E /* Images.xcassets in Resources */,
				F5BCF0691BEAD808001BE6F1 /* Launch Screen.storyboard in Resources */,
			);
			runOnlyForDeploymentPostprocessing = 0;
		};
/* End PBXResourcesBuildPhase section */

/* Begin PBXSourcesBuildPhase section */
		F51D112B1A1C2CD500707A9E /* Sources */ = {
			isa = PBXSourcesBuildPhase;
			buildActionMask = 2147483647;
			files = (
				F51D11351A1C2CD500707A9E /* main.m in Sources */,
			);
			runOnlyForDeploymentPostprocessing = 0;
		};
/* End PBXSourcesBuildPhase section */

/* Begin PBXVariantGroup section */
		F51D113C1A1C2CD500707A9E /* Main.storyboard */ = {
			isa = PBXVariantGroup;
			children = (
				F51D113D1A1C2CD500707A9E /* Base */,
			);
			name = Main.storyboard;
			sourceTree = "<group>";
		};
/* End PBXVariantGroup section */

/* Begin XCBuildConfiguration section */
		F51D11501A1C2CD500707A9E /* Debug */ = {
			isa = XCBuildConfiguration;
			buildSettings = {
				ALWAYS_SEARCH_USER_PATHS = NO;
				CLANG_CXX_LANGUAGE_STANDARD = "gnu++0x";
				CLANG_CXX_LIBRARY = "libc++";
				CLANG_ENABLE_MODULES = YES;
				CLANG_ENABLE_OBJC_ARC = YES;
				CLANG_WARN_BOOL_CONVERSION = YES;
				CLANG_WARN_CONSTANT_CONVERSION = YES;
				CLANG_WARN_DIRECT_OBJC_ISA_USAGE = YES_ERROR;
				CLANG_WARN_EMPTY_BODY = YES;
				CLANG_WARN_ENUM_CONVERSION = YES;
				CLANG_WARN_INT_CONVERSION = YES;
				CLANG_WARN_OBJC_ROOT_CLASS = YES_ERROR;
				CLANG_WARN_UNREACHABLE_CODE = YES;
				CLANG_WARN__DUPLICATE_METHOD_MATCH = YES;
				"CODE_SIGN_IDENTITY[sdk=iphoneos*]" = "iPhone Developer";
				COPY_PHASE_STRIP = NO;
				ENABLE_STRICT_OBJC_MSGSEND = YES;
				ENABLE_TESTABILITY = YES;
				GCC_C_LANGUAGE_STANDARD = gnu99;
				GCC_DYNAMIC_NO_PIC = NO;
				GCC_OPTIMIZATION_LEVEL = 0;
				GCC_PREPROCESSOR_DEFINITIONS = (
					"DEBUG=1",
					"$(inherited)",
				);
				GCC_SYMBOLS_PRIVATE_EXTERN = NO;
				GCC_WARN_64_TO_32_BIT_CONVERSION = YES;
				GCC_WARN_ABOUT_RETURN_TYPE = YES_ERROR;
				GCC_WARN_UNDECLARED_SELECTOR = YES;
				GCC_WARN_UNINITIALIZED_AUTOS = YES_AGGRESSIVE;
				GCC_WARN_UNUSED_FUNCTION = YES;
				GCC_WARN_UNUSED_VARIABLE = YES;
				IPHONEOS_DEPLOYMENT_TARGET = 7.0;
				MTL_ENABLE_DEBUG_INFO = YES;
				ONLY_ACTIVE_ARCH = YES;
				SDKROOT = iphoneos;
			};
			name = Debug;
		};
		F51D11511A1C2CD500707A9E /* Release */ = {
			isa = XCBuildConfiguration;
			buildSettings = {
				ALWAYS_SEARCH_USER_PATHS = NO;
				CLANG_CXX_LANGUAGE_STANDARD = "gnu++0x";
				CLANG_CXX_LIBRARY = "libc++";
				CLANG_ENABLE_MODULES = YES;
				CLANG_ENABLE_OBJC_ARC = YES;
				CLANG_WARN_BOOL_CONVERSION = YES;
				CLANG_WARN_CONSTANT_CONVERSION = YES;
				CLANG_WARN_DIRECT_OBJC_ISA_USAGE = YES_ERROR;
				CLANG_WARN_EMPTY_BODY = YES;
				CLANG_WARN_ENUM_CONVERSION = YES;
				CLANG_WARN_INT_CONVERSION = YES;
				CLANG_WARN_OBJC_ROOT_CLASS = YES_ERROR;
				CLANG_WARN_UNREACHABLE_CODE = YES;
				CLANG_WARN__DUPLICATE_METHOD_MATCH = YES;
				"CODE_SIGN_IDENTITY[sdk=iphoneos*]" = "iPhone Developer";
				COPY_PHASE_STRIP = YES;
				ENABLE_NS_ASSERTIONS = NO;
				ENABLE_STRICT_OBJC_MSGSEND = YES;
				GCC_C_LANGUAGE_STANDARD = gnu99;
				GCC_WARN_64_TO_32_BIT_CONVERSION = YES;
				GCC_WARN_ABOUT_RETURN_TYPE = YES_ERROR;
				GCC_WARN_UNDECLARED_SELECTOR = YES;
				GCC_WARN_UNINITIALIZED_AUTOS = YES_AGGRESSIVE;
				GCC_WARN_UNUSED_FUNCTION = YES;
				GCC_WARN_UNUSED_VARIABLE = YES;
				IPHONEOS_DEPLOYMENT_TARGET = 7.0;
				MTL_ENABLE_DEBUG_INFO = NO;
				SDKROOT = iphoneos;
				VALIDATE_PRODUCT = YES;
			};
			name = Release;
		};
		F51D11531A1C2CD500707A9E /* Debug */ = {
			isa = XCBuildConfiguration;
			buildSettings = {
				ASSETCATALOG_COMPILER_APPICON_NAME = AppIcon;
				CODE_SIGN_ENTITLEMENTS = IDTool/test.entitlements;
				CODE_SIGN_IDENTITY = "-";
				"CODE_SIGN_IDENTITY[sdk=iphoneos*]" = "iPhone Developer";
				INFOPLIST_FILE = IDTool/Info.plist;
				IPHONEOS_DEPLOYMENT_TARGET = 7.0;
				LD_RUNPATH_SEARCH_PATHS = "$(inherited) @executable_path/Frameworks";
				PRODUCT_BUNDLE_IDENTIFIER = totsuka.no.tsurugi.IDTool;
				PRODUCT_NAME = "$(TARGET_NAME)";
				TARGETED_DEVICE_FAMILY = "1,2";
			};
			name = Debug;
		};
		F51D11541A1C2CD500707A9E /* Release */ = {
			isa = XCBuildConfiguration;
			buildSettings = {
				ASSETCATALOG_COMPILER_APPICON_NAME = AppIcon;
				CODE_SIGN_ENTITLEMENTS = IDTool/test.entitlements;
				CODE_SIGN_IDENTITY = "-";
				"CODE_SIGN_IDENTITY[sdk=iphoneos*]" = "iPhone Developer";
				INFOPLIST_FILE = IDTool/Info.plist;
				IPHONEOS_DEPLOYMENT_TARGET = 7.0;
				LD_RUNPATH_SEARCH_PATHS = "$(inherited) @executable_path/Frameworks";
				PRODUCT_BUNDLE_IDENTIFIER = totsuka.no.tsurugi.IDTool;
				PRODUCT_NAME = "$(TARGET_NAME)";
				TARGETED_DEVICE_FAMILY = "1,2";
			};
			name = Release;
		};
/* End XCBuildConfiguration section */

/* Begin XCConfigurationList section */
		F51D112A1A1C2CD500707A9E /* Build configuration list for PBXProject "IDTool" */ = {
			isa = XCConfigurationList;
			buildConfigurations = (
				F51D11501A1C2CD500707A9E /* Debug */,
				F51D11511A1C2CD500707A9E /* Release */,
			);
			defaultConfigurationIsVisible = 0;
			defaultConfigurationName = Release;
		};
		F51D11521A1C2CD500707A9E /* Build configuration list for PBXNativeTarget "IDTool" */ = {
			isa = XCConfigurationList;
			buildConfigurations = (
				F51D11531A1C2CD500707A9E /* Debug */,
				F51D11541A1C2CD500707A9E /* Release */,
			);
			defaultConfigurationIsVisible = 0;
			defaultConfigurationName = Release;
		};
/* End XCConfigurationList section */
	};
	rootObject = F51D11271A1C2CD500707A9E /* Project object */;
}
